# THIS IS AN AUTOGENERATED FILE. DO NOT EDIT THIS FILE DIRECTLY.
# yarn lockfile v1


"@nodelib/fs.scandir@2.1.5":
  version "2.1.5"
  resolved "https://registry.yarnpkg.com/@nodelib/fs.scandir/-/fs.scandir-2.1.5.tgz#7619c2eb21b25483f6d167548b4cfd5a7488c3d5"
  integrity sha512-vq24Bq3ym5HEQm2NKCr3yXDwjc7vTsEThRDnkp2DK9p1uqLR+DHurm/NOTo0KG7HYHU7eppKZj3MyqYuMBf62g==
  dependencies:
    "@nodelib/fs.stat" "2.0.5"
    run-parallel "^1.1.9"

"@nodelib/fs.stat@2.0.5", "@nodelib/fs.stat@^2.0.2":
  version "2.0.5"
  resolved "https://registry.yarnpkg.com/@nodelib/fs.stat/-/fs.stat-2.0.5.tgz#5bd262af94e9d25bd1e71b05deed44876a222e8b"
  integrity sha512-RkhPPp2zrqDAQA/2jNhnztcPAlv64XdhIp7a7454A5ovI7Bukxgt7MX7udwAu3zg1DcpPU0rz3VV1SeaqvY4+A==

"@nodelib/fs.walk@^1.2.3":
  version "1.2.8"
  resolved "https://registry.yarnpkg.com/@nodelib/fs.walk/-/fs.walk-1.2.8.tgz#e95737e8bb6746ddedf69c556953494f196fe69a"
  integrity sha512-oGB+UxlgWcgQkgwo8GcEGwemoTFt3FIO9ababBmaGwXIoBKZ+GTy0pP185beGg7Llih/NSHSV2XAs1lnznocSg==
  dependencies:
    "@nodelib/fs.scandir" "2.1.5"
    fastq "^1.6.0"

"@swc/cli@^0.1.57":
  version "0.1.57"
  resolved "https://registry.yarnpkg.com/@swc/cli/-/cli-0.1.57.tgz#a9c424de5a217ec20a4b7c2c0e5c343980537e83"
  integrity sha512-HxM8TqYHhAg+zp7+RdTU69bnkl4MWdt1ygyp6BDIPjTiaJVH6Dizn2ezbgDS8mnFZI1FyhKvxU/bbaUs8XhzQg==
  dependencies:
    commander "^7.1.0"
    fast-glob "^3.2.5"
    slash "3.0.0"
    source-map "^0.7.3"

"@swc/core-android-arm-eabi@1.3.1":
  version "1.3.1"
  resolved "https://registry.yarnpkg.com/@swc/core-android-arm-eabi/-/core-android-arm-eabi-1.3.1.tgz#2559b7a565a0a129ede27f15c86e744a021363a6"
  integrity sha512-fZ6nTalHWYn1OHfU87yF8s24edgQ4COHydLlPcpU/pwSH90hCwy/fgna5PpUBw0rfzGBttX0/0yMorC7ZSar4Q==
  dependencies:
    "@swc/wasm" "1.2.122"

"@swc/core-android-arm64@1.3.1":
  version "1.3.1"
  resolved "https://registry.yarnpkg.com/@swc/core-android-arm64/-/core-android-arm64-1.3.1.tgz#b415f8e989d26b7634f68caccc0a9135cbda893f"
  integrity sha512-aDrV22ajQ4NYOwxEWvipPpdhHaLqU5W1rxRap5N1KSetzwGIk6NMd31o6Jotoxf7tB8qtLlo5VyNok4adJRVYg==
  dependencies:
    "@swc/wasm" "1.2.130"

"@swc/core-darwin-arm64@1.3.1":
  version "1.3.1"
  resolved "https://registry.yarnpkg.com/@swc/core-darwin-arm64/-/core-darwin-arm64-1.3.1.tgz#386fadc4025ed2d51343a8abbc0dc0a301cc6b06"
  integrity sha512-yom8pqaDhsncQaqp+NdXk1YEtWoqPrfsyKJP3RriTbUjXS/20q/WNfkkJjxUuaFZC6PH/MuvrLzD6Z6ZuZvLaA==

"@swc/core-darwin-x64@1.3.1":
  version "1.3.1"
  resolved "https://registry.yarnpkg.com/@swc/core-darwin-x64/-/core-darwin-x64-1.3.1.tgz#65d438b696bc47e204f655b1654c138fe396d9df"
  integrity sha512-Q2kH2i5pS0dvauOiRR4s7atH+Qrhe1LmiCv1D2U+AghZMfDcxi3DBTxrae/YqmDYm3GxHH3ZSAFHR3E0SeiSSg==

"@swc/core-freebsd-x64@1.3.1":
  version "1.3.1"
  resolved "https://registry.yarnpkg.com/@swc/core-freebsd-x64/-/core-freebsd-x64-1.3.1.tgz#c29c22984ebe94e89b614694d6572fba9769f758"
  integrity sha512-f2a+rPGrhAICF+Du/nHWZlYzltX1/fWyt+v0IP+r0Zh4drgTrt5G3sMYrQVTjsKvI8R6tV2Q7BfYvDIQXwE1pw==
  dependencies:
    "@swc/wasm" "1.2.130"

"@swc/core-linux-arm-gnueabihf@1.3.1":
  version "1.3.1"
  resolved "https://registry.yarnpkg.com/@swc/core-linux-arm-gnueabihf/-/core-linux-arm-gnueabihf-1.3.1.tgz#3d2f86ea5bc84bda9e458c5f249d36108fa29dd6"
  integrity sha512-Q1zGHJMvAEkFdW7A2dthFrswf/HezhC2kOSoOmitz+KxWBZ0YSj8k9ImLYGFf7S8Vi0KVzLUaE1jCGK2oePx/A==
  dependencies:
    "@swc/wasm" "1.2.130"

"@swc/core-linux-arm64-gnu@1.3.1":
  version "1.3.1"
  resolved "https://registry.yarnpkg.com/@swc/core-linux-arm64-gnu/-/core-linux-arm64-gnu-1.3.1.tgz#0bcbf91761fccf516f4ce6c4da7696177b9236d9"
  integrity sha512-5OPkiU2A4Ijt2cRzi2FCGPkAC+wRvAb0TmUkL4Lj2PXPzM5RtEd2AoYmpQhV+YEOXO4XdnKwgBmdeiQV5K8eXA==

"@swc/core-linux-arm64-musl@1.3.1":
  version "1.3.1"
  resolved "https://registry.yarnpkg.com/@swc/core-linux-arm64-musl/-/core-linux-arm64-musl-1.3.1.tgz#078c0b0fabbe4bd361a81f4afce6017387c686c8"
  integrity sha512-oTIeS7kEKSUrTxavYBEfqjqoIiHtbwSdgp/rrn2hz7CDG1B1imRHnsjwdh4YaYLsm8RcCH9+GABnHxJd3Nd6qg==

"@swc/core-linux-x64-gnu@1.3.1":
  version "1.3.1"
  resolved "https://registry.yarnpkg.com/@swc/core-linux-x64-gnu/-/core-linux-x64-gnu-1.3.1.tgz#14b17a0cc580977c42efafecb1811ef59e3de1b5"
  integrity sha512-gNojY1qIKksK9kNdY4pqrlUILTxfqSWtXjX0qV2mlxgwRpnOATJnMx585q09cOZnkN2/QB+33pXnT8z/wxuGzQ==

"@swc/core-linux-x64-musl@1.3.1":
  version "1.3.1"
  resolved "https://registry.yarnpkg.com/@swc/core-linux-x64-musl/-/core-linux-x64-musl-1.3.1.tgz#641f601051a7c21eb54570075df619acc6c5fd71"
  integrity sha512-WXNagCsjul7U9uYYP1JkUUVtvqXRDDWjvdegqrtQ99/De+HoWr+fCPgvENgOsSwb0clPTBuiGm2PTnK6kDQ0Sw==

"@swc/core-win32-arm64-msvc@1.3.1":
  version "1.3.1"
  resolved "https://registry.yarnpkg.com/@swc/core-win32-arm64-msvc/-/core-win32-arm64-msvc-1.3.1.tgz#5a090bb3f70cd5fe0af83b5ca4204bf226ac925e"
  integrity sha512-3LSDJtpYNgN4N/pd/YzHAWKaF2Y/1P9t83vHfPos77hQ+KzFaiyT7YIG1qfYy1AD8MGC28l2bJNH2gia3bcERA==
  dependencies:
    "@swc/wasm" "1.2.130"

"@swc/core-win32-ia32-msvc@1.3.1":
  version "1.3.1"
  resolved "https://registry.yarnpkg.com/@swc/core-win32-ia32-msvc/-/core-win32-ia32-msvc-1.3.1.tgz#6a808a610e946013ffe4eb81d01b414eec93d636"
  integrity sha512-0VfPVkQx7jV7k71tTQY5HchDrALWjrHF8AcaaCojXQpb9ftktLxaCUdTWlQ+Y958GkgG7QX+HEo95ImZ+cYRHQ==
  dependencies:
    "@swc/wasm" "1.2.130"

"@swc/core-win32-x64-msvc@1.3.1":
  version "1.3.1"
  resolved "https://registry.yarnpkg.com/@swc/core-win32-x64-msvc/-/core-win32-x64-msvc-1.3.1.tgz#03410b2b76c2441856094e8cb514a19eb0109d1d"
  integrity sha512-jSeqI8+1PGp+lHtyQCieDQxSszOF6UlA3bC2cmC9LAD84xcvsqpt0hsg3GFaw6RR7FsVjMNl/St6y1EEW0mm6Q==

"@swc/core@^1.3.1":
  version "1.3.1"
  resolved "https://registry.yarnpkg.com/@swc/core/-/core-1.3.1.tgz#d81cb0d8af1b0e48e91ee328d41ccbbf21d532c0"
  integrity sha512-ztB5N63UGLIOM60Vg+deHVigEnDAEAttiTQk4T91/i11SoOO65P9z8Bey01XFTxF0Alc2OJxkt8TBcq+n5mMYQ==
  optionalDependencies:
    "@swc/core-android-arm-eabi" "1.3.1"
    "@swc/core-android-arm64" "1.3.1"
    "@swc/core-darwin-arm64" "1.3.1"
    "@swc/core-darwin-x64" "1.3.1"
    "@swc/core-freebsd-x64" "1.3.1"
    "@swc/core-linux-arm-gnueabihf" "1.3.1"
    "@swc/core-linux-arm64-gnu" "1.3.1"
    "@swc/core-linux-arm64-musl" "1.3.1"
    "@swc/core-linux-x64-gnu" "1.3.1"
    "@swc/core-linux-x64-musl" "1.3.1"
    "@swc/core-win32-arm64-msvc" "1.3.1"
    "@swc/core-win32-ia32-msvc" "1.3.1"
    "@swc/core-win32-x64-msvc" "1.3.1"

"@swc/wasm@1.2.122":
  version "1.2.122"
  resolved "https://registry.yarnpkg.com/@swc/wasm/-/wasm-1.2.122.tgz#87a5e654b26a71b2e84b801f41e45f823b856639"
  integrity sha512-sM1VCWQxmNhFtdxME+8UXNyPNhxNu7zdb6ikWpz0YKAQQFRGT5ThZgJrubEpah335SUToNg8pkdDF7ibVCjxbQ==

"@swc/wasm@1.2.130":
  version "1.2.130"
  resolved "https://registry.yarnpkg.com/@swc/wasm/-/wasm-1.2.130.tgz#88ac26433335d1f957162a9a92f1450b73c176a0"
  integrity sha512-rNcJsBxS70+pv8YUWwf5fRlWX6JoY/HJc25HD/F8m6Kv7XhJdqPPMhyX6TKkUBPAG7TWlZYoxa+rHAjPy4Cj3Q==

"@types/cli-progress@^3.11.0":
  version "3.11.0"
  resolved "https://registry.yarnpkg.com/@types/cli-progress/-/cli-progress-3.11.0.tgz#ec79df99b26757c3d1c7170af8422e0fc95eef7e"
  integrity sha512-XhXhBv1R/q2ahF3BM7qT5HLzJNlIL0wbcGyZVjqOTqAybAnsLisd7gy1UCyIqpL+5Iv6XhlSyzjLCnI2sIdbCg==
  dependencies:
    "@types/node" "*"

"@types/node@*":
  version "18.7.18"
  resolved "https://registry.yarnpkg.com/@types/node/-/node-18.7.18.tgz#633184f55c322e4fb08612307c274ee6d5ed3154"
  integrity sha512-m+6nTEOadJZuTPkKR/SYK3A2d7FZrgElol9UP1Kae90VVU4a6mxnPuLiIW1m4Cq4gZ/nWb9GrdVXJCoCazDAbg==

"@types/tsc-watch@^4.2.0":
  version "4.2.0"
  resolved "https://registry.yarnpkg.com/@types/tsc-watch/-/tsc-watch-4.2.0.tgz#5a9553c4652e8feffdb3735e75f78b5191384acc"
  integrity sha512-hND5B6WVQcO9QdgSdRHeougv4EAEeg5UYMrVACbFfFJ/EaEbdJgYd+mHtIVwgrHSf1eucQRxuFQ9b2jIlnsT7A==
  dependencies:
    "@types/node" "*"

ansi-regex@^5.0.1:
  version "5.0.1"
  resolved "https://registry.yarnpkg.com/ansi-regex/-/ansi-regex-5.0.1.tgz#082cb2c89c9fe8659a311a53bd6a4dc5301db304"
  integrity sha512-quJQXlTSUGL2LH9SUXo8VwsY4soanhgo6LNSm84E1LBcE8s3O0wpdiRzyR9z/ZZJMlMWv37qOOb9pdJlMUEKFQ==

braces@^3.0.2:
  version "3.0.2"
  resolved "https://registry.yarnpkg.com/braces/-/braces-3.0.2.tgz#3454e1a462ee8d599e236df336cd9ea4f8afe107"
  integrity sha512-b8um+L1RzM3WDSzvhm6gIz1yfTbBt6YTlcEKAvsmqCZZFw46z626lVj9j1yEPW33H5H+lBQpZMP1k8l+78Ha0A==
  dependencies:
    fill-range "^7.0.1"

cli-progress@^3.11.2:
  version "3.11.2"
  resolved "https://registry.yarnpkg.com/cli-progress/-/cli-progress-3.11.2.tgz#f8c89bd157e74f3f2c43bcfb3505670b4d48fc77"
  integrity sha512-lCPoS6ncgX4+rJu5bS3F/iCz17kZ9MPZ6dpuTtI0KXKABkhyXIdYB3Inby1OpaGti3YlI3EeEkM9AuWpelJrVA==
  dependencies:
    string-width "^4.2.3"

commander@^7.1.0:
  version "7.2.0"
  resolved "https://registry.yarnpkg.com/commander/-/commander-7.2.0.tgz#a36cb57d0b501ce108e4d20559a150a391d97ab7"
  integrity sha512-QrWXB+ZQSVPmIWIhtEO9H+gwHaMGYiF5ChvoJ+K9ZGHG/sVsa6yiesAD1GC/x46sET00Xlwo1u49RVVVzvcSkw==

commander@^9.4.0:
  version "9.4.0"
  resolved "https://registry.yarnpkg.com/commander/-/commander-9.4.0.tgz#bc4a40918fefe52e22450c111ecd6b7acce6f11c"
  integrity sha512-sRPT+umqkz90UA8M1yqYfnHlZA7fF6nSphDtxeywPZ49ysjxDQybzk13CL+mXekDRG92skbcqCLVovuCusNmFw==

emoji-regex@^8.0.0:
  version "8.0.0"
  resolved "https://registry.yarnpkg.com/emoji-regex/-/emoji-regex-8.0.0.tgz#e818fd69ce5ccfcb404594f842963bf53164cc37"
  integrity sha512-MSjYzcWNOA0ewAHpz0MxpYFvwg6yjy1NG3xteoqz644VCo/RPgnr1/GGt+ic3iJTzQ8Eu3TdM14SawnVUmGE6A==

fast-glob@^3.2.5:
  version "3.2.12"
  resolved "https://registry.yarnpkg.com/fast-glob/-/fast-glob-3.2.12.tgz#7f39ec99c2e6ab030337142da9e0c18f37afae80"
  integrity sha512-DVj4CQIYYow0BlaelwK1pHl5n5cRSJfM60UA0zK891sVInoPri2Ekj7+e1CT3/3qxXenpI+nBBmQAcJPJgaj4w==
  dependencies:
    "@nodelib/fs.stat" "^2.0.2"
    "@nodelib/fs.walk" "^1.2.3"
    glob-parent "^5.1.2"
    merge2 "^1.3.0"
    micromatch "^4.0.4"

fastq@^1.6.0:
  version "1.13.0"
  resolved "https://registry.yarnpkg.com/fastq/-/fastq-1.13.0.tgz#616760f88a7526bdfc596b7cab8c18938c36b98c"
  integrity sha512-YpkpUnK8od0o1hmeSc7UUs/eB/vIPWJYjKck2QKIzAf71Vm1AAQ3EbuZB3g2JIy+pg+ERD0vqI79KyZiB2e2Nw==
  dependencies:
    reusify "^1.0.4"

fill-range@^7.0.1:
  version "7.0.1"
  resolved "https://registry.yarnpkg.com/fill-range/-/fill-range-7.0.1.tgz#1919a6a7c75fe38b2c7c77e5198535da9acdda40"
  integrity sha512-qOo9F+dMUmC2Lcb4BbVvnKJxTPjCm+RRpe4gDuGrzkL7mEVl/djYSu2OdQ2Pa302N4oqkSg9ir6jaLWJ2USVpQ==
  dependencies:
    to-regex-range "^5.0.1"

glob-parent@^5.1.2:
  version "5.1.2"
  resolved "https://registry.yarnpkg.com/glob-parent/-/glob-parent-5.1.2.tgz#869832c58034fe68a4093c17dc15e8340d8401c4"
  integrity sha512-AOIgSQCepiJYwP3ARnGx+5VnTu2HBYdzbGP45eLw1vr3zB3vZLeyed1sC9hnbcOc9/SrMyM5RPQrkGz4aS9Zow==
  dependencies:
    is-glob "^4.0.1"

is-extglob@^2.1.1:
  version "2.1.1"
  resolved "https://registry.yarnpkg.com/is-extglob/-/is-extglob-2.1.1.tgz#a88c02535791f02ed37c76a1b9ea9773c833f8c2"
  integrity sha512-SbKbANkN603Vi4jEZv49LeVJMn4yGwsbzZworEoyEiutsN3nJYdbO36zfhGJ6QEDpOZIFkDtnq5JRxmvl3jsoQ==

is-fullwidth-code-point@^3.0.0:
  version "3.0.0"
  resolved "https://registry.yarnpkg.com/is-fullwidth-code-point/-/is-fullwidth-code-point-3.0.0.tgz#f116f8064fe90b3f7844a38997c0b75051269f1d"
  integrity sha512-zymm5+u+sCsSWyD9qNaejV3DFvhCKclKdizYaJUuHA83RLjb7nSuGnddCHGv0hk+KY7BMAlsWeK4Ueg6EV6XQg==

is-glob@^4.0.1:
  version "4.0.3"
  resolved "https://registry.yarnpkg.com/is-glob/-/is-glob-4.0.3.tgz#64f61e42cbbb2eec2071a9dac0b28ba1e65d5084"
  integrity sha512-xelSayHH36ZgE7ZWhli7pW34hNbNl8Ojv5KVmkJD4hBdD3th8Tfk9vYasLM+mXWOZhFkgZfxhLSnrwRr4elSSg==
  dependencies:
    is-extglob "^2.1.1"

is-number@^7.0.0:
  version "7.0.0"
  resolved "https://registry.yarnpkg.com/is-number/-/is-number-7.0.0.tgz#7535345b896734d5f80c4d06c50955527a14f12b"
  integrity sha512-41Cifkg6e8TylSpdtTpeLVMqvSBEVzTttHvERD741+pnZ8ANv0004MRL43QKPDlK9cGvNp6NZWZUBlbGXYxxng==

merge2@^1.3.0:
  version "1.4.1"
  resolved "https://registry.yarnpkg.com/merge2/-/merge2-1.4.1.tgz#4368892f885e907455a6fd7dc55c0c9d404990ae"
  integrity sha512-8q7VEgMJW4J8tcfVPy8g09NcQwZdbwFEqhe/WZkoIzjn/3TGDwtOCYtXGxA3O8tPzpczCCDgv+P2P5y00ZJOOg==

micromatch@^4.0.4:
  version "4.0.5"
  resolved "https://registry.yarnpkg.com/micromatch/-/micromatch-4.0.5.tgz#bc8999a7cbbf77cdc89f132f6e467051b49090c6"
  integrity sha512-DMy+ERcEW2q8Z2Po+WNXuw3c5YaUSFjAO5GsJqfEl7UjvtIuFKO6ZrKvcItdy98dwFI2N1tg3zNIdKaQT+aNdA==
  dependencies:
    braces "^3.0.2"
    picomatch "^2.3.1"

node-watch@^0.7.3:
  version "0.7.3"
  resolved "https://registry.yarnpkg.com/node-watch/-/node-watch-0.7.3.tgz#6d4db88e39c8d09d3ea61d6568d80e5975abc7ab"
  integrity sha512-3l4E8uMPY1HdMMryPRUAl+oIHtXtyiTlIiESNSVSNxcPfzAFzeTbXFQkZfAwBbo0B1qMSG8nUABx+Gd+YrbKrQ==

picomatch@^2.3.1:
  version "2.3.1"
  resolved "https://registry.yarnpkg.com/picomatch/-/picomatch-2.3.1.tgz#3ba3833733646d9d3e4995946c1365a67fb07a42"
  integrity sha512-JU3teHTNjmE2VCGFzuY8EXzCDVwEqB2a8fsIvwaStHhAWJEeVd1o1QD80CU6+ZdEXXSLbSsuLwJjkCBWqRQUVA==

queue-microtask@^1.2.2:
  version "1.2.3"
  resolved "https://registry.yarnpkg.com/queue-microtask/-/queue-microtask-1.2.3.tgz#4929228bbc724dfac43e0efb058caf7b6cfb6243"
  integrity sha512-NuaNSa6flKT5JaSYQzJok04JzTL1CA6aGhv5rfLW3PgqA+M2ChpZQnAC8h8i4ZFkBS8X5RqkDBHA7r4hej3K9A==

reusify@^1.0.4:
  version "1.0.4"
  resolved "https://registry.yarnpkg.com/reusify/-/reusify-1.0.4.tgz#90da382b1e126efc02146e90845a88db12925d76"
  integrity sha512-U9nH88a3fc/ekCF1l0/UP1IosiuIjyTh7hBvXVMHYgVcfGvt897Xguj2UOLDeI5BG2m7/uwyaLVT6fbtCwTyzw==

run-parallel@^1.1.9:
  version "1.2.0"
  resolved "https://registry.yarnpkg.com/run-parallel/-/run-parallel-1.2.0.tgz#66d1368da7bdf921eb9d95bd1a9229e7f21a43ee"
  integrity sha512-5l4VyZR86LZ/lDxZTR6jqL8AFE2S0IFLMP26AbjsLVADxHdhB/c0GUsH+y39UfCi3dzz8OlQuPmnaJOMoDHQBA==
  dependencies:
    queue-microtask "^1.2.2"

slash@3.0.0:
  version "3.0.0"
  resolved "https://registry.yarnpkg.com/slash/-/slash-3.0.0.tgz#6539be870c165adbd5240220dbe361f1bc4d4634"
  integrity sha512-g9Q1haeby36OSStwb4ntCGGGaKsaVSjQ68fBxoQcutl5fS1vuY18H3wSt3jFyFtrkx+Kz0V1G85A4MyAdDMi2Q==

source-map@^0.7.3:
  version "0.7.4"
  resolved "https://registry.yarnpkg.com/source-map/-/source-map-0.7.4.tgz#a9bbe705c9d8846f4e08ff6765acf0f1b0898656"
  integrity sha512-l3BikUxvPOcn5E74dZiq5BGsTb5yEwhaTSzccU6t4sDOH8NWJCstKO5QT2CvtFoK6F0saL7p9xHAqHOlCPJygA==

string-width@^4.2.3:
  version "4.2.3"
  resolved "https://registry.yarnpkg.com/string-width/-/string-width-4.2.3.tgz#269c7117d27b05ad2e536830a8ec895ef9c6d010"
  integrity sha512-wKyQRQpjJ0sIp62ErSZdGsjMJWsap5oRNihHhu6G7JVO/9jIB6UyevL+tXuOqrng8j/cxKTWyWUwvSTriiZz/g==
  dependencies:
    emoji-regex "^8.0.0"
    is-fullwidth-code-point "^3.0.0"
    strip-ansi "^6.0.1"

strip-ansi@^6.0.1:
  version "6.0.1"
  resolved "https://registry.yarnpkg.com/strip-ansi/-/strip-ansi-6.0.1.tgz#9e26c63d30f53443e9489495b2105d37b67a85d9"
  integrity sha512-Y38VPSHcqkFrCpFnQ9vuSXmquuv5oXOKpGeT6aGrr3o3Gc9AlVa6JBfUSOCnbxGGZF+/0ooI7KrPuUSztUdU5A==
  dependencies:
    ansi-regex "^5.0.1"

to-regex-range@^5.0.1:
  version "5.0.1"
  resolved "https://registry.yarnpkg.com/to-regex-range/-/to-regex-range-5.0.1.tgz#1648c44aae7c8d988a326018ed72f5b4dd0392e4"
  integrity sha512-65P7iz6X5yEr1cwcgvQxbbIw7Uk3gOy5dIdtZ4rDveLqhrdJP+Li/Hx6tyK0NEb+2GCyneCMJiGqrADCSNk8sQ==
  dependencies:
    is-number "^7.0.0"

ts-retry@^2.4.5:
  version "2.5.0"
  resolved "https://registry.yarnpkg.com/ts-retry/-/ts-retry-2.5.0.tgz#b655cdfbd2d099a5a9312cdfe9b2f8d099e4a1c7"
  integrity sha512-lbrfkee7hiBJZk3+DOTb5nIqwAX2Z8cXfdrQCVD2GW0FO0v6oAJHoU+pa3BHxIaKyAZIySsezIx/BMD84Ie6tw==
